
Microsoft Visual Studio Solution File, Format Version 12.00
# Visual Studio Version 17
VisualStudioVersion = 17.9.34607.119
MinimumVisualStudioVersion = 10.0.40219.1
Project("{FAE04EC0-301F-11D3-BF4B-00C04F79EFBC}") = "Speer Project", "Speer Project\Speer Project.csproj", "{E40286D8-B3C0-4CA5-92CE-B433CCB0A182}"
EndProject
Global
	GlobalSection(SolutionConfigurationPlatforms) = preSolution
		Debug|Any CPU = Debug|Any CPU
		Release|Any CPU = Release|Any CPU
	EndGlobalSection
	GlobalSection(ProjectConfigurationPlatforms) = postSolution
		{E40286D8-B3C0-4CA5-92CE-B433CCB0A182}.Debug|Any CPU.ActiveCfg = Debug|Any CPU
		{E40286D8-B3C0-4CA5-92CE-B433CCB0A182}.Debug|Any CPU.Build.0 = Debug|Any CPU
		{E40286D8-B3C0-4CA5-92CE-B433CCB0A182}.Release|Any CPU.ActiveCfg = Release|Any CPU
		{E40286D8-B3C0-4CA5-92CE-B433CCB0A182}.Release|Any CPU.Build.0 = Release|Any CPU
	EndGlobalSection
	GlobalSection(SolutionProperties) = preSolution
		HideSolutionNode = FALSE
	EndGlobalSection
	GlobalSection(ExtensibilityGlobals) = postSolution
		SolutionGuid = {09541D6E-B084-46E9-A4A1-56466AF25550}
	EndGlobalSection
EndGlobal
